
Microsoft Visual Studio Solution File, Format Version 12.00
# Visual Studio Version 17
VisualStudioVersion = 17.13.35913.81 d17.13
MinimumVisualStudioVersion = 10.0.40219.1
Project("{FAE04EC0-301F-11D3-BF4B-00C04F79EFBC}") = "PracticeApp10", "PracticeApp10\PracticeApp10.csproj", "{7EC2B0BD-E1FB-40BD-891F-554099ED0DBA}"
EndProject
Global
	GlobalSection(SolutionConfigurationPlatforms) = preSolution
		Debug|Any CPU = Debug|Any CPU
		Release|Any CPU = Release|Any CPU
	EndGlobalSection
	GlobalSection(ProjectConfigurationPlatforms) = postSolution
		{7EC2B0BD-E1FB-40BD-891F-554099ED0DBA}.Debug|Any CPU.ActiveCfg = Debug|Any CPU
		{7EC2B0BD-E1FB-40BD-891F-554099ED0DBA}.Debug|Any CPU.Build.0 = Debug|Any CPU
		{7EC2B0BD-E1FB-40BD-891F-554099ED0DBA}.Release|Any CPU.ActiveCfg = Release|Any CPU
		{7EC2B0BD-E1FB-40BD-891F-554099ED0DBA}.Release|Any CPU.Build.0 = Release|Any CPU
	EndGlobalSection
	GlobalSection(SolutionProperties) = preSolution
		HideSolutionNode = FALSE
	EndGlobalSection
	GlobalSection(ExtensibilityGlobals) = postSolution
		SolutionGuid = {9F2EA25A-6C64-4B03-AC7F-9C92C9891E54}
	EndGlobalSection
EndGlobal
